
Microsoft Visual Studio Solution File, Format Version 12.00
# Visual Studio 15
VisualStudioVersion = 15.0.27004.2005
MinimumVisualStudioVersion = 10.0.40219.1
Project("{9A19103F-16F7-4668-BE54-9A1E7A4F7556}") = "tfnvalidator", "tfnvalidator\tfnvalidator.csproj", "{DA8D72F8-C9E2-4F4A-B13E-D4259A3C792D}"
EndProject
Project("{9A19103F-16F7-4668-BE54-9A1E7A4F7556}") = "validator.Domain", "validator.Domain\validator.Domain.csproj", "{13E76D9B-8D40-4FCC-9DF0-63D8AACE563F}"
EndProject
Project("{FAE04EC0-301F-11D3-BF4B-00C04F79EFBC}") = "validator.Test", "validator.Test\validator.Test.csproj", "{64385B49-9E96-4CFA-9C74-AE9A185E8FBB}"
EndProject
Global
	GlobalSection(SolutionConfigurationPlatforms) = preSolution
		Debug|Any CPU = Debug|Any CPU
		Release|Any CPU = Release|Any CPU
	EndGlobalSection
	GlobalSection(ProjectConfigurationPlatforms) = postSolution
		{DA8D72F8-C9E2-4F4A-B13E-D4259A3C792D}.Debug|Any CPU.ActiveCfg = Debug|Any CPU
		{DA8D72F8-C9E2-4F4A-B13E-D4259A3C792D}.Debug|Any CPU.Build.0 = Debug|Any CPU
		{DA8D72F8-C9E2-4F4A-B13E-D4259A3C792D}.Release|Any CPU.ActiveCfg = Release|Any CPU
		{DA8D72F8-C9E2-4F4A-B13E-D4259A3C792D}.Release|Any CPU.Build.0 = Release|Any CPU
		{13E76D9B-8D40-4FCC-9DF0-63D8AACE563F}.Debug|Any CPU.ActiveCfg = Debug|Any CPU
		{13E76D9B-8D40-4FCC-9DF0-63D8AACE563F}.Debug|Any CPU.Build.0 = Debug|Any CPU
		{13E76D9B-8D40-4FCC-9DF0-63D8AACE563F}.Release|Any CPU.ActiveCfg = Release|Any CPU
		{13E76D9B-8D40-4FCC-9DF0-63D8AACE563F}.Release|Any CPU.Build.0 = Release|Any CPU
		{64385B49-9E96-4CFA-9C74-AE9A185E8FBB}.Debug|Any CPU.ActiveCfg = Debug|Any CPU
		{64385B49-9E96-4CFA-9C74-AE9A185E8FBB}.Debug|Any CPU.Build.0 = Debug|Any CPU
		{64385B49-9E96-4CFA-9C74-AE9A185E8FBB}.Release|Any CPU.ActiveCfg = Release|Any CPU
		{64385B49-9E96-4CFA-9C74-AE9A185E8FBB}.Release|Any CPU.Build.0 = Release|Any CPU
	EndGlobalSection
	GlobalSection(SolutionProperties) = preSolution
		HideSolutionNode = FALSE
	EndGlobalSection
	GlobalSection(ExtensibilityGlobals) = postSolution
		SolutionGuid = {02611B70-7DEE-4BF3-A137-771086DA1EA3}
	EndGlobalSection
EndGlobal
